
Microsoft Visual Studio Solution File, Format Version 12.00
# Visual Studio Version 17
VisualStudioVersion = 17.4.33103.184
MinimumVisualStudioVersion = 10.0.40219.1
Project("{FAE04EC0-301F-11D3-BF4B-00C04F79EFBC}") = "brouillon", "brouillon.csproj", "{D7E00899-C2A4-4527-88E6-E9400EAED104}"
EndProject
Global
	GlobalSection(SolutionConfigurationPlatforms) = preSolution
		Debug|Any CPU = Debug|Any CPU
		Release|Any CPU = Release|Any CPU
	EndGlobalSection
	GlobalSection(ProjectConfigurationPlatforms) = postSolution
		{D7E00899-C2A4-4527-88E6-E9400EAED104}.Debug|Any CPU.ActiveCfg = Debug|Any CPU
		{D7E00899-C2A4-4527-88E6-E9400EAED104}.Debug|Any CPU.Build.0 = Debug|Any CPU
		{D7E00899-C2A4-4527-88E6-E9400EAED104}.Release|Any CPU.ActiveCfg = Release|Any CPU
		{D7E00899-C2A4-4527-88E6-E9400EAED104}.Release|Any CPU.Build.0 = Release|Any CPU
	EndGlobalSection
	GlobalSection(SolutionProperties) = preSolution
		HideSolutionNode = FALSE
	EndGlobalSection
	GlobalSection(ExtensibilityGlobals) = postSolution
		SolutionGuid = {50B9E3EA-8987-42BA-8153-1C1C86DE171F}
	EndGlobalSection
EndGlobal
